
Microsoft Visual Studio Solution File, Format Version 12.00
# Visual Studio Version 17
VisualStudioVersion = 17.4.33122.133
MinimumVisualStudioVersion = 10.0.40219.1
Project("{FAE04EC0-301F-11D3-BF4B-00C04F79EFBC}") = "Sari-Sari-Store-Sales-and-Credit-Management-System", "Sari-Sari-Store-Sales-and-Credit-Management-System\Sari-Sari-Store-Sales-and-Credit-Management-System.csproj", "{3A700E91-2ACA-44C9-B0EA-8F28861317CD}"
EndProject
Global
	GlobalSection(SolutionConfigurationPlatforms) = preSolution
		Debug|Any CPU = Debug|Any CPU
		Release|Any CPU = Release|Any CPU
	EndGlobalSection
	GlobalSection(ProjectConfigurationPlatforms) = postSolution
		{3A700E91-2ACA-44C9-B0EA-8F28861317CD}.Debug|Any CPU.ActiveCfg = Debug|Any CPU
		{3A700E91-2ACA-44C9-B0EA-8F28861317CD}.Debug|Any CPU.Build.0 = Debug|Any CPU
		{3A700E91-2ACA-44C9-B0EA-8F28861317CD}.Release|Any CPU.ActiveCfg = Release|Any CPU
		{3A700E91-2ACA-44C9-B0EA-8F28861317CD}.Release|Any CPU.Build.0 = Release|Any CPU
	EndGlobalSection
	GlobalSection(SolutionProperties) = preSolution
		HideSolutionNode = FALSE
	EndGlobalSection
	GlobalSection(ExtensibilityGlobals) = postSolution
		SolutionGuid = {97EEC86D-D969-468F-9216-60C3DEF45D95}
	EndGlobalSection
EndGlobal
